// !$*UTF8*$!
{
	archiveVersion = 1;
	classes = {
	};
	objectVersion = 46;
	objects = {

/* Begin PBXBuildFile section */
		9335DEAB13E8C362006D2AD6 /* Cocoa.framework in Frameworks */ = {isa = PBXBuildFile; fileRef = 9335DEAA13E8C362006D2AD6 /* Cocoa.framework */; };
		9335DEB513E8C362006D2AD6 /* InfoPlist.strings in Resources */ = {isa = PBXBuildFile; fileRef = 9335DEB313E8C362006D2AD6 /* InfoPlist.strings */; };
		9335DEB713E8C362006D2AD6 /* main.m in Sources */ = {isa = PBXBuildFile; fileRef = 9335DEB613E8C362006D2AD6 /* main.m */; };
		9335DEBB13E8C362006D2AD6 /* Credits.rtf in Resources */ = {isa = PBXBuildFile; fileRef = 9335DEB913E8C362006D2AD6 /* Credits.rtf */; };
		9335DEBE13E8C362006D2AD6 /* BouncyAppDelegate.m in Sources */ = {isa = PBXBuildFile; fileRef = 9335DEBD13E8C362006D2AD6 /* BouncyAppDelegate.m */; };
		9335DEC113E8C363006D2AD6 /* MainMenu.xib in Resources */ = {isa = PBXBuildFile; fileRef = 9335DEBF13E8C363006D2AD6 /* MainMenu.xib */; };
		9335DECA13E8D98B006D2AD6 /* BouncyViewController.m in Sources */ = {isa = PBXBuildFile; fileRef = 9335DEC813E8D98B006D2AD6 /* BouncyViewController.m */; };
		9335DED113E8DCA9006D2AD6 /* BouncyView.m in Sources */ = {isa = PBXBuildFile; fileRef = 9335DED013E8DCA9006D2AD6 /* BouncyView.m */; };
		9335DED413E8DE00006D2AD6 /* BouncyModel.m in Sources */ = {isa = PBXBuildFile; fileRef = 9335DED313E8DE00006D2AD6 /* BouncyModel.m */; };
		DC2D1E90161A969C0095A1E7 /* UIKit.framework in Frameworks */ = {isa = PBXBuildFile; fileRef = DC2D1E52161A93DD0095A1E7 /* UIKit.framework */; };
		DC2D1E91161A969C0095A1E7 /* Foundation.framework in Frameworks */ = {isa = PBXBuildFile; fileRef = DC2D1E54161A93DD0095A1E7 /* Foundation.framework */; };
		DC2D1E92161A969C0095A1E7 /* CoreGraphics.framework in Frameworks */ = {isa = PBXBuildFile; fileRef = DC2D1E56161A93DD0095A1E7 /* CoreGraphics.framework */; };
		DC2D1E98161A969C0095A1E7 /* InfoPlist.strings in Resources */ = {isa = PBXBuildFile; fileRef = DC2D1E96161A969C0095A1E7 /* InfoPlist.strings */; };
		DC2D1E9A161A969C0095A1E7 /* main.m in Sources */ = {isa = PBXBuildFile; fileRef = DC2D1E99161A969C0095A1E7 /* main.m */; };
		DC2D1E9E161A969C0095A1E7 /* BounciOSAppDelegate.m in Sources */ = {isa = PBXBuildFile; fileRef = DC2D1E9D161A969C0095A1E7 /* BounciOSAppDelegate.m */; };
		DC2D1EA1161A969D0095A1E7 /* BounciOSViewController.m in Sources */ = {isa = PBXBuildFile; fileRef = DC2D1EA0161A969D0095A1E7 /* BounciOSViewController.m */; };
		DC2D1EA4161A969D0095A1E7 /* BounciOSViewController.xib in Resources */ = {isa = PBXBuildFile; fileRef = DC2D1EA2161A969D0095A1E7 /* BounciOSViewController.xib */; };
		DC2D1EAB161A969D0095A1E7 /* SenTestingKit.framework in Frameworks */ = {isa = PBXBuildFile; fileRef = DC2D1E70161A93DE0095A1E7 /* SenTestingKit.framework */; };
		DC2D1EAC161A969D0095A1E7 /* UIKit.framework in Frameworks */ = {isa = PBXBuildFile; fileRef = DC2D1E52161A93DD0095A1E7 /* UIKit.framework */; };
		DC2D1EAD161A969D0095A1E7 /* Foundation.framework in Frameworks */ = {isa = PBXBuildFile; fileRef = DC2D1E54161A93DD0095A1E7 /* Foundation.framework */; };
		DC2D1EB5161A969D0095A1E7 /* InfoPlist.strings in Resources */ = {isa = PBXBuildFile; fileRef = DC2D1EB3161A969D0095A1E7 /* InfoPlist.strings */; };
		DC2D1EB8161A969D0095A1E7 /* BounciOSTests.m in Sources */ = {isa = PBXBuildFile; fileRef = DC2D1EB7161A969D0095A1E7 /* BounciOSTests.m */; };
		DC2D1EBF161A96CC0095A1E7 /* BouncyModel.m in Sources */ = {isa = PBXBuildFile; fileRef = 9335DED313E8DE00006D2AD6 /* BouncyModel.m */; };
		DC2D1EC2161A96EB0095A1E7 /* BounciOSView.m in Sources */ = {isa = PBXBuildFile; fileRef = DC2D1EC1161A96EB0095A1E7 /* BounciOSView.m */; };
/* End PBXBuildFile section */

/* Begin PBXContainerItemProxy section */
		DC2D1EAE161A969D0095A1E7 /* PBXContainerItemProxy */ = {
			isa = PBXContainerItemProxy;
			containerPortal = 9335DE9D13E8C362006D2AD6 /* Project object */;
			proxyType = 1;
			remoteGlobalIDString = DC2D1E8D161A969C0095A1E7;
			remoteInfo = BounciOS;
		};
/* End PBXContainerItemProxy section */

/* Begin PBXFileReference section */
		9335DEA613E8C362006D2AD6 /* Bouncy.app */ = {isa = PBXFileReference; explicitFileType = wrapper.application; includeInIndex = 0; path = Bouncy.app; sourceTree = BUILT_PRODUCTS_DIR; };
		9335DEAA13E8C362006D2AD6 /* Cocoa.framework */ = {isa = PBXFileReference; lastKnownFileType = wrapper.framework; name = Cocoa.framework; path = System/Library/Frameworks/Cocoa.framework; sourceTree = SDKROOT; };
		9335DEAD13E8C362006D2AD6 /* AppKit.framework */ = {isa = PBXFileReference; lastKnownFileType = wrapper.framework; name = AppKit.framework; path = System/Library/Frameworks/AppKit.framework; sourceTree = SDKROOT; };
		9335DEAE13E8C362006D2AD6 /* CoreData.framework */ = {isa = PBXFileReference; lastKnownFileType = wrapper.framework; name = CoreData.framework; path = System/Library/Frameworks/CoreData.framework; sourceTree = SDKROOT; };
		9335DEAF13E8C362006D2AD6 /* Foundation.framework */ = {isa = PBXFileReference; lastKnownFileType = wrapper.framework; name = Foundation.framework; path = System/Library/Frameworks/Foundation.framework; sourceTree = SDKROOT; };
		9335DEB213E8C362006D2AD6 /* Bouncy-Info.plist */ = {isa = PBXFileReference; lastKnownFileType = text.plist.xml; path = "Bouncy-Info.plist"; sourceTree = "<group>"; };
		9335DEB413E8C362006D2AD6 /* en */ = {isa = PBXFileReference; lastKnownFileType = text.plist.strings; name = en; path = en.lproj/InfoPlist.strings; sourceTree = "<group>"; };
		9335DEB613E8C362006D2AD6 /* main.m */ = {isa = PBXFileReference; lastKnownFileType = sourcecode.c.objc; path = main.m; sourceTree = "<group>"; };
		9335DEB813E8C362006D2AD6 /* Bouncy-Prefix.pch */ = {isa = PBXFileReference; lastKnownFileType = sourcecode.c.h; path = "Bouncy-Prefix.pch"; sourceTree = "<group>"; };
		9335DEBA13E8C362006D2AD6 /* en */ = {isa = PBXFileReference; lastKnownFileType = text.rtf; name = en; path = en.lproj/Credits.rtf; sourceTree = "<group>"; };
		9335DEBC13E8C362006D2AD6 /* BouncyAppDelegate.h */ = {isa = PBXFileReference; lastKnownFileType = sourcecode.c.h; path = BouncyAppDelegate.h; sourceTree = "<group>"; };
		9335DEBD13E8C362006D2AD6 /* BouncyAppDelegate.m */ = {isa = PBXFileReference; lastKnownFileType = sourcecode.c.objc; path = BouncyAppDelegate.m; sourceTree = "<group>"; };
		9335DEC013E8C363006D2AD6 /* en */ = {isa = PBXFileReference; lastKnownFileType = file.xib; name = en; path = en.lproj/MainMenu.xib; sourceTree = "<group>"; };
		9335DEC713E8D98B006D2AD6 /* BouncyViewController.h */ = {isa = PBXFileReference; fileEncoding = 4; lastKnownFileType = sourcecode.c.h; path = BouncyViewController.h; sourceTree = "<group>"; };
		9335DEC813E8D98B006D2AD6 /* BouncyViewController.m */ = {isa = PBXFileReference; fileEncoding = 4; lastKnownFileType = sourcecode.c.objc; path = BouncyViewController.m; sourceTree = "<group>"; };
		9335DECF13E8DCA9006D2AD6 /* BouncyView.h */ = {isa = PBXFileReference; fileEncoding = 4; lastKnownFileType = sourcecode.c.h; path = BouncyView.h; sourceTree = "<group>"; };
		9335DED013E8DCA9006D2AD6 /* BouncyView.m */ = {isa = PBXFileReference; fileEncoding = 4; lastKnownFileType = sourcecode.c.objc; path = BouncyView.m; sourceTree = "<group>"; };
		9335DED213E8DE00006D2AD6 /* BouncyModel.h */ = {isa = PBXFileReference; fileEncoding = 4; lastKnownFileType = sourcecode.c.h; path = BouncyModel.h; sourceTree = "<group>"; };
		9335DED313E8DE00006D2AD6 /* BouncyModel.m */ = {isa = PBXFileReference; fileEncoding = 4; lastKnownFileType = sourcecode.c.objc; path = BouncyModel.m; sourceTree = "<group>"; };
		DC2D1E52161A93DD0095A1E7 /* UIKit.framework */ = {isa = PBXFileReference; lastKnownFileType = wrapper.framework; name = UIKit.framework; path = Library/Frameworks/UIKit.framework; sourceTree = DEVELOPER_DIR; };
		DC2D1E54161A93DD0095A1E7 /* Foundation.framework */ = {isa = PBXFileReference; lastKnownFileType = wrapper.framework; name = Foundation.framework; path = Library/Frameworks/Foundation.framework; sourceTree = DEVELOPER_DIR; };
		DC2D1E56161A93DD0095A1E7 /* CoreGraphics.framework */ = {isa = PBXFileReference; lastKnownFileType = wrapper.framework; name = CoreGraphics.framework; path = Library/Frameworks/CoreGraphics.framework; sourceTree = DEVELOPER_DIR; };
		DC2D1E70161A93DE0095A1E7 /* SenTestingKit.framework */ = {isa = PBXFileReference; lastKnownFileType = wrapper.framework; name = SenTestingKit.framework; path = Library/Frameworks/SenTestingKit.framework; sourceTree = DEVELOPER_DIR; };
		DC2D1E8E161A969C0095A1E7 /* BounciOS.app */ = {isa = PBXFileReference; explicitFileType = wrapper.application; includeInIndex = 0; path = BounciOS.app; sourceTree = BUILT_PRODUCTS_DIR; };
		DC2D1E95161A969C0095A1E7 /* BounciOS-Info.plist */ = {isa = PBXFileReference; lastKnownFileType = text.plist.xml; path = "BounciOS-Info.plist"; sourceTree = "<group>"; };
		DC2D1E97161A969C0095A1E7 /* en */ = {isa = PBXFileReference; lastKnownFileType = text.plist.strings; name = en; path = en.lproj/InfoPlist.strings; sourceTree = "<group>"; };
		DC2D1E99161A969C0095A1E7 /* main.m */ = {isa = PBXFileReference; lastKnownFileType = sourcecode.c.objc; path = main.m; sourceTree = "<group>"; };
		DC2D1E9B161A969C0095A1E7 /* BounciOS-Prefix.pch */ = {isa = PBXFileReference; lastKnownFileType = sourcecode.c.h; path = "BounciOS-Prefix.pch"; sourceTree = "<group>"; };
		DC2D1E9C161A969C0095A1E7 /* BounciOSAppDelegate.h */ = {isa = PBXFileReference; lastKnownFileType = sourcecode.c.h; path = BounciOSAppDelegate.h; sourceTree = "<group>"; };
		DC2D1E9D161A969C0095A1E7 /* BounciOSAppDelegate.m */ = {isa = PBXFileReference; lastKnownFileType = sourcecode.c.objc; path = BounciOSAppDelegate.m; sourceTree = "<group>"; };
		DC2D1E9F161A969C0095A1E7 /* BounciOSViewController.h */ = {isa = PBXFileReference; lastKnownFileType = sourcecode.c.h; path = BounciOSViewController.h; sourceTree = "<group>"; };
		DC2D1EA0161A969D0095A1E7 /* BounciOSViewController.m */ = {isa = PBXFileReference; lastKnownFileType = sourcecode.c.objc; path = BounciOSViewController.m; sourceTree = "<group>"; };
		DC2D1EA3161A969D0095A1E7 /* en */ = {isa = PBXFileReference; lastKnownFileType = file.xib; name = en; path = en.lproj/BounciOSViewController.xib; sourceTree = "<group>"; };
		DC2D1EAA161A969D0095A1E7 /* BounciOSTests.octest */ = {isa = PBXFileReference; explicitFileType = wrapper.cfbundle; includeInIndex = 0; path = BounciOSTests.octest; sourceTree = BUILT_PRODUCTS_DIR; };
		DC2D1EB2161A969D0095A1E7 /* BounciOSTests-Info.plist */ = {isa = PBXFileReference; lastKnownFileType = text.plist.xml; path = "BounciOSTests-Info.plist"; sourceTree = "<group>"; };
		DC2D1EB4161A969D0095A1E7 /* en */ = {isa = PBXFileReference; lastKnownFileType = text.plist.strings; name = en; path = en.lproj/InfoPlist.strings; sourceTree = "<group>"; };
		DC2D1EB6161A969D0095A1E7 /* BounciOSTests.h */ = {isa = PBXFileReference; lastKnownFileType = sourcecode.c.h; path = BounciOSTests.h; sourceTree = "<group>"; };
		DC2D1EB7161A969D0095A1E7 /* BounciOSTests.m */ = {isa = PBXFileReference; lastKnownFileType = sourcecode.c.objc; path = BounciOSTests.m; sourceTree = "<group>"; };
		DC2D1EC0161A96EB0095A1E7 /* BounciOSView.h */ = {isa = PBXFileReference; fileEncoding = 4; lastKnownFileType = sourcecode.c.h; path = BounciOSView.h; sourceTree = "<group>"; };
		DC2D1EC1161A96EB0095A1E7 /* BounciOSView.m */ = {isa = PBXFileReference; fileEncoding = 4; lastKnownFileType = sourcecode.c.objc; path = BounciOSView.m; sourceTree = "<group>"; };
/* End PBXFileReference section */

/* Begin PBXFrameworksBuildPhase section */
		9335DEA313E8C362006D2AD6 /* Frameworks */ = {
			isa = PBXFrameworksBuildPhase;
			buildActionMask = 2147483647;
			files = (
				9335DEAB13E8C362006D2AD6 /* Cocoa.framework in Frameworks */,
			);
			runOnlyForDeploymentPostprocessing = 0;
		};
		DC2D1E8B161A969C0095A1E7 /* Frameworks */ = {
			isa = PBXFrameworksBuildPhase;
			buildActionMask = 2147483647;
			files = (
				DC2D1E90161A969C0095A1E7 /* UIKit.framework in Frameworks */,
				DC2D1E91161A969C0095A1E7 /* Foundation.framework in Frameworks */,
				DC2D1E92161A969C0095A1E7 /* CoreGraphics.framework in Frameworks */,
			);
			runOnlyForDeploymentPostprocessing = 0;
		};
		DC2D1EA6161A969D0095A1E7 /* Frameworks */ = {
			isa = PBXFrameworksBuildPhase;
			buildActionMask = 2147483647;
			files = (
				DC2D1EAB161A969D0095A1E7 /* SenTestingKit.framework in Frameworks */,
				DC2D1EAC161A969D0095A1E7 /* UIKit.framework in Frameworks */,
				DC2D1EAD161A969D0095A1E7 /* Foundation.framework in Frameworks */,
			);
			runOnlyForDeploymentPostprocessing = 0;
		};
/* End PBXFrameworksBuildPhase section */

/* Begin PBXGroup section */
		9335DE9B13E8C362006D2AD6 = {
			isa = PBXGroup;
			children = (
				9335DEB013E8C362006D2AD6 /* Bouncy */,
				DC2D1E93161A969C0095A1E7 /* BounciOS */,
				DC2D1EB0161A969D0095A1E7 /* BounciOSTests */,
				9335DEA913E8C362006D2AD6 /* Frameworks */,
				9335DEA713E8C362006D2AD6 /* Products */,
			);
			sourceTree = "<group>";
		};
		9335DEA713E8C362006D2AD6 /* Products */ = {
			isa = PBXGroup;
			children = (
				9335DEA613E8C362006D2AD6 /* Bouncy.app */,
				DC2D1E8E161A969C0095A1E7 /* BounciOS.app */,
				DC2D1EAA161A969D0095A1E7 /* BounciOSTests.octest */,
			);
			name = Products;
			sourceTree = "<group>";
		};
		9335DEA913E8C362006D2AD6 /* Frameworks */ = {
			isa = PBXGroup;
			children = (
				9335DEAA13E8C362006D2AD6 /* Cocoa.framework */,
				DC2D1E52161A93DD0095A1E7 /* UIKit.framework */,
				DC2D1E54161A93DD0095A1E7 /* Foundation.framework */,
				DC2D1E56161A93DD0095A1E7 /* CoreGraphics.framework */,
				DC2D1E70161A93DE0095A1E7 /* SenTestingKit.framework */,
				9335DEAC13E8C362006D2AD6 /* Other Frameworks */,
			);
			name = Frameworks;
			sourceTree = "<group>";
		};
		9335DEAC13E8C362006D2AD6 /* Other Frameworks */ = {
			isa = PBXGroup;
			children = (
				9335DEAD13E8C362006D2AD6 /* AppKit.framework */,
				9335DEAE13E8C362006D2AD6 /* CoreData.framework */,
				9335DEAF13E8C362006D2AD6 /* Foundation.framework */,
			);
			name = "Other Frameworks";
			sourceTree = "<group>";
		};
		9335DEB013E8C362006D2AD6 /* Bouncy */ = {
			isa = PBXGroup;
			children = (
				9335DEBC13E8C362006D2AD6 /* BouncyAppDelegate.h */,
				9335DEBD13E8C362006D2AD6 /* BouncyAppDelegate.m */,
				9335DEC713E8D98B006D2AD6 /* BouncyViewController.h */,
				9335DEC813E8D98B006D2AD6 /* BouncyViewController.m */,
				9335DECF13E8DCA9006D2AD6 /* BouncyView.h */,
				9335DED013E8DCA9006D2AD6 /* BouncyView.m */,
				9335DED213E8DE00006D2AD6 /* BouncyModel.h */,
				9335DED313E8DE00006D2AD6 /* BouncyModel.m */,
				9335DEBF13E8C363006D2AD6 /* MainMenu.xib */,
				9335DEB113E8C362006D2AD6 /* Supporting Files */,
			);
			path = Bouncy;
			sourceTree = SOURCE_ROOT;
		};
		9335DEB113E8C362006D2AD6 /* Supporting Files */ = {
			isa = PBXGroup;
			children = (
				9335DEB213E8C362006D2AD6 /* Bouncy-Info.plist */,
				9335DEB313E8C362006D2AD6 /* InfoPlist.strings */,
				9335DEB613E8C362006D2AD6 /* main.m */,
				9335DEB813E8C362006D2AD6 /* Bouncy-Prefix.pch */,
				9335DEB913E8C362006D2AD6 /* Credits.rtf */,
			);
			name = "Supporting Files";
			sourceTree = "<group>";
		};
		DC2D1E93161A969C0095A1E7 /* BounciOS */ = {
			isa = PBXGroup;
			children = (
				DC2D1E9C161A969C0095A1E7 /* BounciOSAppDelegate.h */,
				DC2D1E9D161A969C0095A1E7 /* BounciOSAppDelegate.m */,
				DC2D1E9F161A969C0095A1E7 /* BounciOSViewController.h */,
				DC2D1EA0161A969D0095A1E7 /* BounciOSViewController.m */,
				DC2D1EA2161A969D0095A1E7 /* BounciOSViewController.xib */,
				DC2D1E94161A969C0095A1E7 /* Supporting Files */,
				DC2D1EC0161A96EB0095A1E7 /* BounciOSView.h */,
				DC2D1EC1161A96EB0095A1E7 /* BounciOSView.m */,
			);
			path = BounciOS;
			sourceTree = "<group>";
		};
		DC2D1E94161A969C0095A1E7 /* Supporting Files */ = {
			isa = PBXGroup;
			children = (
				DC2D1E95161A969C0095A1E7 /* BounciOS-Info.plist */,
				DC2D1E96161A969C0095A1E7 /* InfoPlist.strings */,
				DC2D1E99161A969C0095A1E7 /* main.m */,
				DC2D1E9B161A969C0095A1E7 /* BounciOS-Prefix.pch */,
			);
			name = "Supporting Files";
			sourceTree = "<group>";
		};
		DC2D1EB0161A969D0095A1E7 /* BounciOSTests */ = {
			isa = PBXGroup;
			children = (
				DC2D1EB6161A969D0095A1E7 /* BounciOSTests.h */,
				DC2D1EB7161A969D0095A1E7 /* BounciOSTests.m */,
				DC2D1EB1161A969D0095A1E7 /* Supporting Files */,
			);
			path = BounciOSTests;
			sourceTree = "<group>";
		};
		DC2D1EB1161A969D0095A1E7 /* Supporting Files */ = {
			isa = PBXGroup;
			children = (
				DC2D1EB2161A969D0095A1E7 /* BounciOSTests-Info.plist */,
				DC2D1EB3161A969D0095A1E7 /* InfoPlist.strings */,
			);
			name = "Supporting Files";
			sourceTree = "<group>";
		};
/* End PBXGroup section */

/* Begin PBXNativeTarget section */
		9335DEA513E8C362006D2AD6 /* Bouncy */ = {
			isa = PBXNativeTarget;
			buildConfigurationList = 9335DEC413E8C363006D2AD6 /* Build configuration list for PBXNativeTarget "Bouncy" */;
			buildPhases = (
				9335DEA213E8C362006D2AD6 /* Sources */,
				9335DEA313E8C362006D2AD6 /* Frameworks */,
				9335DEA413E8C362006D2AD6 /* Resources */,
			);
			buildRules = (
			);
			dependencies = (
			);
			name = Bouncy;
			productName = Bouncy;
			productReference = 9335DEA613E8C362006D2AD6 /* Bouncy.app */;
			productType = "com.apple.product-type.application";
		};
		DC2D1E8D161A969C0095A1E7 /* BounciOS */ = {
			isa = PBXNativeTarget;
			buildConfigurationList = DC2D1EB9161A969D0095A1E7 /* Build configuration list for PBXNativeTarget "BounciOS" */;
			buildPhases = (
				DC2D1E8A161A969C0095A1E7 /* Sources */,
				DC2D1E8B161A969C0095A1E7 /* Frameworks */,
				DC2D1E8C161A969C0095A1E7 /* Resources */,
			);
			buildRules = (
			);
			dependencies = (
			);
			name = BounciOS;
			productName = BounciOS;
			productReference = DC2D1E8E161A969C0095A1E7 /* BounciOS.app */;
			productType = "com.apple.product-type.application";
		};
		DC2D1EA9161A969D0095A1E7 /* BounciOSTests */ = {
			isa = PBXNativeTarget;
			buildConfigurationList = DC2D1EBC161A969D0095A1E7 /* Build configuration list for PBXNativeTarget "BounciOSTests" */;
			buildPhases = (
				DC2D1EA5161A969D0095A1E7 /* Sources */,
				DC2D1EA6161A969D0095A1E7 /* Frameworks */,
				DC2D1EA7161A969D0095A1E7 /* Resources */,
				DC2D1EA8161A969D0095A1E7 /* ShellScript */,
			);
			buildRules = (
			);
			dependencies = (
				DC2D1EAF161A969D0095A1E7 /* PBXTargetDependency */,
			);
			name = BounciOSTests;
			productName = BounciOSTests;
			productReference = DC2D1EAA161A969D0095A1E7 /* BounciOSTests.octest */;
			productType = "com.apple.product-type.bundle";
		};
/* End PBXNativeTarget section */

/* Begin PBXProject section */
		9335DE9D13E8C362006D2AD6 /* Project object */ = {
			isa = PBXProject;
			attributes = {
				LastUpgradeCheck = 0450;
				ORGANIZATIONNAME = "UC:Berkeley";
			};
			buildConfigurationList = 9335DEA013E8C362006D2AD6 /* Build configuration list for PBXProject "Bouncy" */;
			compatibilityVersion = "Xcode 3.2";
			developmentRegion = English;
			hasScannedForEncodings = 0;
			knownRegions = (
				en,
			);
			mainGroup = 9335DE9B13E8C362006D2AD6;
			productRefGroup = 9335DEA713E8C362006D2AD6 /* Products */;
			projectDirPath = "";
			projectRoot = "";
			targets = (
				9335DEA513E8C362006D2AD6 /* Bouncy */,
				DC2D1E8D161A969C0095A1E7 /* BounciOS */,
				DC2D1EA9161A969D0095A1E7 /* BounciOSTests */,
			);
		};
/* End PBXProject section */

/* Begin PBXResourcesBuildPhase section */
		9335DEA413E8C362006D2AD6 /* Resources */ = {
			isa = PBXResourcesBuildPhase;
			buildActionMask = 2147483647;
			files = (
				9335DEB513E8C362006D2AD6 /* InfoPlist.strings in Resources */,
				9335DEBB13E8C362006D2AD6 /* Credits.rtf in Resources */,
				9335DEC113E8C363006D2AD6 /* MainMenu.xib in Resources */,
			);
			runOnlyForDeploymentPostprocessing = 0;
		};
		DC2D1E8C161A969C0095A1E7 /* Resources */ = {
			isa = PBXResourcesBuildPhase;
			buildActionMask = 2147483647;
			files = (
				DC2D1E98161A969C0095A1E7 /* InfoPlist.strings in Resources */,
				DC2D1EA4161A969D0095A1E7 /* BounciOSViewController.xib in Resources */,
			);
			runOnlyForDeploymentPostprocessing = 0;
		};
		DC2D1EA7161A969D0095A1E7 /* Resources */ = {
			isa = PBXResourcesBuildPhase;
			buildActionMask = 2147483647;
			files = (
				DC2D1EB5161A969D0095A1E7 /* InfoPlist.strings in Resources */,
			);
			runOnlyForDeploymentPostprocessing = 0;
		};
/* End PBXResourcesBuildPhase section */

/* Begin PBXShellScriptBuildPhase section */
		DC2D1EA8161A969D0095A1E7 /* ShellScript */ = {
			isa = PBXShellScriptBuildPhase;
			buildActionMask = 2147483647;
			files = (
			);
			inputPaths = (
			);
			outputPaths = (
			);
			runOnlyForDeploymentPostprocessing = 0;
			shellPath = /bin/sh;
			shellScript = "# Run the unit tests in this test bundle.\n\"${SYSTEM_DEVELOPER_DIR}/Tools/RunUnitTests\"\n";
		};
/* End PBXShellScriptBuildPhase section */

/* Begin PBXSourcesBuildPhase section */
		9335DEA213E8C362006D2AD6 /* Sources */ = {
			isa = PBXSourcesBuildPhase;
			buildActionMask = 2147483647;
			files = (
				9335DEB713E8C362006D2AD6 /* main.m in Sources */,
				9335DEBE13E8C362006D2AD6 /* BouncyAppDelegate.m in Sources */,
				9335DECA13E8D98B006D2AD6 /* BouncyViewController.m in Sources */,
				9335DED113E8DCA9006D2AD6 /* BouncyView.m in Sources */,
				9335DED413E8DE00006D2AD6 /* BouncyModel.m in Sources */,
			);
			runOnlyForDeploymentPostprocessing = 0;
		};
		DC2D1E8A161A969C0095A1E7 /* Sources */ = {
			isa = PBXSourcesBuildPhase;
			buildActionMask = 2147483647;
			files = (
				DC2D1E9A161A969C0095A1E7 /* main.m in Sources */,
				DC2D1E9E161A969C0095A1E7 /* BounciOSAppDelegate.m in Sources */,
				DC2D1EA1161A969D0095A1E7 /* BounciOSViewController.m in Sources */,
				DC2D1EBF161A96CC0095A1E7 /* BouncyModel.m in Sources */,
				DC2D1EC2161A96EB0095A1E7 /* BounciOSView.m in Sources */,
			);
			runOnlyForDeploymentPostprocessing = 0;
		};
		DC2D1EA5161A969D0095A1E7 /* Sources */ = {
			isa = PBXSourcesBuildPhase;
			buildActionMask = 2147483647;
			files = (
				DC2D1EB8161A969D0095A1E7 /* BounciOSTests.m in Sources */,
			);
			runOnlyForDeploymentPostprocessing = 0;
		};
/* End PBXSourcesBuildPhase section */

/* Begin PBXTargetDependency section */
		DC2D1EAF161A969D0095A1E7 /* PBXTargetDependency */ = {
			isa = PBXTargetDependency;
			target = DC2D1E8D161A969C0095A1E7 /* BounciOS */;
			targetProxy = DC2D1EAE161A969D0095A1E7 /* PBXContainerItemProxy */;
		};
/* End PBXTargetDependency section */

/* Begin PBXVariantGroup section */
		9335DEB313E8C362006D2AD6 /* InfoPlist.strings */ = {
			isa = PBXVariantGroup;
			children = (
				9335DEB413E8C362006D2AD6 /* en */,
			);
			name = InfoPlist.strings;
			sourceTree = "<group>";
		};
		9335DEB913E8C362006D2AD6 /* Credits.rtf */ = {
			isa = PBXVariantGroup;
			children = (
				9335DEBA13E8C362006D2AD6 /* en */,
			);
			name = Credits.rtf;
			sourceTree = "<group>";
		};
		9335DEBF13E8C363006D2AD6 /* MainMenu.xib */ = {
			isa = PBXVariantGroup;
			children = (
				9335DEC013E8C363006D2AD6 /* en */,
			);
			name = MainMenu.xib;
			sourceTree = "<group>";
		};
		DC2D1E96161A969C0095A1E7 /* InfoPlist.strings */ = {
			isa = PBXVariantGroup;
			children = (
				DC2D1E97161A969C0095A1E7 /* en */,
			);
			name = InfoPlist.strings;
			sourceTree = "<group>";
		};
		DC2D1EA2161A969D0095A1E7 /* BounciOSViewController.xib */ = {
			isa = PBXVariantGroup;
			children = (
				DC2D1EA3161A969D0095A1E7 /* en */,
			);
			name = BounciOSViewController.xib;
			sourceTree = "<group>";
		};
		DC2D1EB3161A969D0095A1E7 /* InfoPlist.strings */ = {
			isa = PBXVariantGroup;
			children = (
				DC2D1EB4161A969D0095A1E7 /* en */,
			);
			name = InfoPlist.strings;
			sourceTree = "<group>";
		};
/* End PBXVariantGroup section */

/* Begin XCBuildConfiguration section */
		9335DEC213E8C363006D2AD6 /* Debug */ = {
			isa = XCBuildConfiguration;
			buildSettings = {
				ALWAYS_SEARCH_USER_PATHS = NO;
				ARCHS = "$(ARCHS_STANDARD_64_BIT)";
				COPY_PHASE_STRIP = NO;
				GCC_C_LANGUAGE_STANDARD = gnu99;
				GCC_DYNAMIC_NO_PIC = NO;
				GCC_ENABLE_OBJC_EXCEPTIONS = YES;
				GCC_OPTIMIZATION_LEVEL = 0;
				GCC_PREPROCESSOR_DEFINITIONS = (
					"DEBUG=1",
					"$(inherited)",
				);
				GCC_SYMBOLS_PRIVATE_EXTERN = NO;
				GCC_VERSION = com.apple.compilers.llvm.clang.1_0;
				GCC_WARN_64_TO_32_BIT_CONVERSION = YES;
				GCC_WARN_ABOUT_MISSING_PROTOTYPES = YES;
				GCC_WARN_ABOUT_RETURN_TYPE = YES;
				GCC_WARN_UNUSED_VARIABLE = YES;
				MACOSX_DEPLOYMENT_TARGET = 10.7;
				ONLY_ACTIVE_ARCH = YES;
				SDKROOT = macosx;
			};
			name = Debug;
		};
		9335DEC313E8C363006D2AD6 /* Release */ = {
			isa = XCBuildConfiguration;
			buildSettings = {
				ALWAYS_SEARCH_USER_PATHS = NO;
				ARCHS = "$(ARCHS_STANDARD_64_BIT)";
				COPY_PHASE_STRIP = YES;
				DEBUG_INFORMATION_FORMAT = "dwarf-with-dsym";
				GCC_C_LANGUAGE_STANDARD = gnu99;
				GCC_ENABLE_OBJC_EXCEPTIONS = YES;
				GCC_VERSION = com.apple.compilers.llvm.clang.1_0;
				GCC_WARN_64_TO_32_BIT_CONVERSION = YES;
				GCC_WARN_ABOUT_MISSING_PROTOTYPES = YES;
				GCC_WARN_ABOUT_RETURN_TYPE = YES;
				GCC_WARN_UNUSED_VARIABLE = YES;
				MACOSX_DEPLOYMENT_TARGET = 10.7;
				SDKROOT = macosx;
			};
			name = Release;
		};
		9335DEC513E8C363006D2AD6 /* Debug */ = {
			isa = XCBuildConfiguration;
			buildSettings = {
				COMBINE_HIDPI_IMAGES = YES;
				GCC_PRECOMPILE_PREFIX_HEADER = YES;
				GCC_PREFIX_HEADER = "Bouncy/Bouncy-Prefix.pch";
				INFOPLIST_FILE = "Bouncy/Bouncy-Info.plist";
				PRODUCT_NAME = "$(TARGET_NAME)";
				WRAPPER_EXTENSION = app;
			};
			name = Debug;
		};
		9335DEC613E8C363006D2AD6 /* Release */ = {
			isa = XCBuildConfiguration;
			buildSettings = {
				COMBINE_HIDPI_IMAGES = YES;
				GCC_PRECOMPILE_PREFIX_HEADER = YES;
				GCC_PREFIX_HEADER = "Bouncy/Bouncy-Prefix.pch";
				INFOPLIST_FILE = "Bouncy/Bouncy-Info.plist";
				PRODUCT_NAME = "$(TARGET_NAME)";
				WRAPPER_EXTENSION = app;
			};
			name = Release;
		};
		DC2D1EBA161A969D0095A1E7 /* Debug */ = {
			isa = XCBuildConfiguration;
			buildSettings = {
				ARCHS = "$(ARCHS_STANDARD_32_BIT)";
				CLANG_CXX_LANGUAGE_STANDARD = "gnu++0x";
				CLANG_WARN__DUPLICATE_METHOD_MATCH = YES;
				"CODE_SIGN_IDENTITY[sdk=iphoneos*]" = "iPhone Developer";
				FRAMEWORK_SEARCH_PATHS = (
					"$(inherited)",
					"\"$(SYSTEM_APPS_DIR)/Xcode.app/Contents/Developer/Library/Frameworks\"",
				);
				GCC_PRECOMPILE_PREFIX_HEADER = YES;
				GCC_PREFIX_HEADER = "BounciOS/BounciOS-Prefix.pch";
				GCC_WARN_UNINITIALIZED_AUTOS = YES;
				INFOPLIST_FILE = "BounciOS/BounciOS-Info.plist";
				IPHONEOS_DEPLOYMENT_TARGET = 5.1;
				PRODUCT_NAME = "$(TARGET_NAME)";
				SDKROOT = iphoneos;
				WRAPPER_EXTENSION = app;
			};
			name = Debug;
		};
		DC2D1EBB161A969D0095A1E7 /* Release */ = {
			isa = XCBuildConfiguration;
			buildSettings = {
				ARCHS = "$(ARCHS_STANDARD_32_BIT)";
				CLANG_CXX_LANGUAGE_STANDARD = "gnu++0x";
				CLANG_WARN__DUPLICATE_METHOD_MATCH = YES;
				"CODE_SIGN_IDENTITY[sdk=iphoneos*]" = "iPhone Developer";
				FRAMEWORK_SEARCH_PATHS = (
					"$(inherited)",
					"\"$(SYSTEM_APPS_DIR)/Xcode.app/Contents/Developer/Library/Frameworks\"",
				);
				GCC_PRECOMPILE_PREFIX_HEADER = YES;
				GCC_PREFIX_HEADER = "BounciOS/BounciOS-Prefix.pch";
				GCC_WARN_UNINITIALIZED_AUTOS = YES;
				INFOPLIST_FILE = "BounciOS/BounciOS-Info.plist";
				IPHONEOS_DEPLOYMENT_TARGET = 5.1;
				OTHER_CFLAGS = "-DNS_BLOCK_ASSERTIONS=1";
				PRODUCT_NAME = "$(TARGET_NAME)";
				SDKROOT = iphoneos;
				VALIDATE_PRODUCT = YES;
				WRAPPER_EXTENSION = app;
			};
			name = Release;
		};
		DC2D1EBD161A969D0095A1E7 /* Debug */ = {
			isa = XCBuildConfiguration;
			buildSettings = {
				ARCHS = "$(ARCHS_STANDARD_32_BIT)";
				BUNDLE_LOADER = "$(BUILT_PRODUCTS_DIR)/BounciOS.app/BounciOS";
				CLANG_CXX_LANGUAGE_STANDARD = "gnu++0x";
				CLANG_WARN__DUPLICATE_METHOD_MATCH = YES;
				FRAMEWORK_SEARCH_PATHS = (
					"\"$(SDKROOT)/Developer/Library/Frameworks\"",
					"\"$(DEVELOPER_LIBRARY_DIR)/Frameworks\"",
				);
				GCC_PRECOMPILE_PREFIX_HEADER = YES;
				GCC_PREFIX_HEADER = "BounciOS/BounciOS-Prefix.pch";
				GCC_WARN_UNINITIALIZED_AUTOS = YES;
				INFOPLIST_FILE = "BounciOSTests/BounciOSTests-Info.plist";
				IPHONEOS_DEPLOYMENT_TARGET = 5.1;
				PRODUCT_NAME = "$(TARGET_NAME)";
				SDKROOT = iphoneos;
				TEST_HOST = "$(BUNDLE_LOADER)";
				WRAPPER_EXTENSION = octest;
			};
			name = Debug;
		};
		DC2D1EBE161A969D0095A1E7 /* Release */ = {
			isa = XCBuildConfiguration;
			buildSettings = {
				ARCHS = "$(ARCHS_STANDARD_32_BIT)";
				BUNDLE_LOADER = "$(BUILT_PRODUCTS_DIR)/BounciOS.app/BounciOS";
				CLANG_CXX_LANGUAGE_STANDARD = "gnu++0x";
				CLANG_WARN__DUPLICATE_METHOD_MATCH = YES;
				FRAMEWORK_SEARCH_PATHS = (
					"\"$(SDKROOT)/Developer/Library/Frameworks\"",
					"\"$(DEVELOPER_LIBRARY_DIR)/Frameworks\"",
				);
				GCC_PRECOMPILE_PREFIX_HEADER = YES;
				GCC_PREFIX_HEADER = "BounciOS/BounciOS-Prefix.pch";
				GCC_WARN_UNINITIALIZED_AUTOS = YES;
				INFOPLIST_FILE = "BounciOSTests/BounciOSTests-Info.plist";
				IPHONEOS_DEPLOYMENT_TARGET = 5.1;
				PRODUCT_NAME = "$(TARGET_NAME)";
				SDKROOT = iphoneos;
				TEST_HOST = "$(BUNDLE_LOADER)";
				VALIDATE_PRODUCT = YES;
				WRAPPER_EXTENSION = octest;
			};
			name = Release;
		};
/* End XCBuildConfiguration section */

/* Begin XCConfigurationList section */
		9335DEA013E8C362006D2AD6 /* Build configuration list for PBXProject "Bouncy" */ = {
			isa = XCConfigurationList;
			buildConfigurations = (
				9335DEC213E8C363006D2AD6 /* Debug */,
				9335DEC313E8C363006D2AD6 /* Release */,
			);
			defaultConfigurationIsVisible = 0;
			defaultConfigurationName = Release;
		};
		9335DEC413E8C363006D2AD6 /* Build configuration list for PBXNativeTarget "Bouncy" */ = {
			isa = XCConfigurationList;
			buildConfigurations = (
				9335DEC513E8C363006D2AD6 /* Debug */,
				9335DEC613E8C363006D2AD6 /* Release */,
			);
			defaultConfigurationIsVisible = 0;
			defaultConfigurationName = Release;
		};
		DC2D1EB9161A969D0095A1E7 /* Build configuration list for PBXNativeTarget "BounciOS" */ = {
			isa = XCConfigurationList;
			buildConfigurations = (
				DC2D1EBA161A969D0095A1E7 /* Debug */,
				DC2D1EBB161A969D0095A1E7 /* Release */,
			);
			defaultConfigurationIsVisible = 0;
		};
		DC2D1EBC161A969D0095A1E7 /* Build configuration list for PBXNativeTarget "BounciOSTests" */ = {
			isa = XCConfigurationList;
			buildConfigurations = (
				DC2D1EBD161A969D0095A1E7 /* Debug */,
				DC2D1EBE161A969D0095A1E7 /* Release */,
			);
			defaultConfigurationIsVisible = 0;
		};
/* End XCConfigurationList section */
	};
	rootObject = 9335DE9D13E8C362006D2AD6 /* Project object */;
}
